
Microsoft Visual Studio Solution File, Format Version 12.00
# Visual Studio Version 17
VisualStudioVersion = 17.0.32112.339
MinimumVisualStudioVersion = 10.0.40219.1
Project("{FAE04EC0-301F-11D3-BF4B-00C04F79EFBC}") = "Operators", "Operators\Operators.csproj", "{37EEC6FE-A1D8-4788-88DD-14ED5636268E}"
EndProject
Global
	GlobalSection(SolutionConfigurationPlatforms) = preSolution
		Debug|Any CPU = Debug|Any CPU
		Release|Any CPU = Release|Any CPU
	EndGlobalSection
	GlobalSection(ProjectConfigurationPlatforms) = postSolution
		{37EEC6FE-A1D8-4788-88DD-14ED5636268E}.Debug|Any CPU.ActiveCfg = Debug|Any CPU
		{37EEC6FE-A1D8-4788-88DD-14ED5636268E}.Debug|Any CPU.Build.0 = Debug|Any CPU
		{37EEC6FE-A1D8-4788-88DD-14ED5636268E}.Release|Any CPU.ActiveCfg = Release|Any CPU
		{37EEC6FE-A1D8-4788-88DD-14ED5636268E}.Release|Any CPU.Build.0 = Release|Any CPU
	EndGlobalSection
	GlobalSection(SolutionProperties) = preSolution
		HideSolutionNode = FALSE
	EndGlobalSection
	GlobalSection(ExtensibilityGlobals) = postSolution
		SolutionGuid = {45AB7EF3-8A7A-47F7-A07A-AC1528604A8D}
	EndGlobalSection
EndGlobal
